# This file was autogenerated by Stack.
# You should not edit this file by hand.
# For more information, please see the documentation at:
#   https://docs.haskellstack.org/en/stable/topics/lock_files

packages:
- completed:
    hackage: duckdb-haskell-0.1.0.0@sha256:6090bac5f36d89f759fc6736ecd1b45786019991f8214ae2f685a3ebff15c3cf,107398
    pantry-tree:
      sha256: 03686041db9bf2b4fc18814f0dcd6b9e40bda6761d2a1bf5a9a6ae6fb3cca0af
      size: 246107
  original:
    hackage: duckdb-haskell-0.1.0.0
snapshots:
- completed:
    sha256: d133abe75e408a407cce3f032c96ac1bbadf474a93b5156ebf4135b53382d56b
    size: 683827
    url: https://raw.githubusercontent.com/commercialhaskell/stackage-snapshots/master/lts/23/18.yaml
  original: lts-23.18
