{
  "lockfile-version": 1,
  "manifest": {
    "version": 1,
    "install": {
      "python3": {
        "pkg-path": "python3"
      }
    },
    "vars": {},
    "hook": {
      "on-activate": "  # Autogenerated by Flox\n\n  # Setup a Python virtual environment\n\n  export PYTHON_DIR=\"$FLOX_ENV_CACHE/python\"\n  if [ ! -d \"$PYTHON_DIR\" ]; then\n    echo \"Creating python virtual environment in $PYTHON_DIR\"\n    python -m venv \"$PYTHON_DIR\"\n  fi\n\n  # Quietly activate venv and install packages in a subshell so\n  # that the venv can be freshly activated in the profile section.\n  (\n    source \"$PYTHON_DIR/bin/activate\"\n    # install the dependencies for this project based on pyproject.toml\n    # <https://pip.pypa.io/en/stable/cli/pip_install/>\n    pip install -e . --quiet\n  )\n\n  # End autogenerated by Flox\n"
    },
    "profile": {
      "bash": "  # Autogenerated by Flox\n\n  echo \"Activating python virtual environment\" >&2\n  source \"$PYTHON_DIR/bin/activate\"\n\n  # End autogenerated by Flox\n",
      "zsh": "  # Autogenerated by Flox\n\n  echo \"Activating python virtual environment\" >&2\n  source \"$PYTHON_DIR/bin/activate\"\n\n  # End autogenerated by Flox\n",
      "fish": "  # Autogenerated by Flox\n\n  echo \"Activating python virtual environment\" >&2\n  source \"$PYTHON_DIR/bin/activate.fish\"\n\n  # End autogenerated by Flox",
      "tcsh": "  # Autogenerated by Flox\n\n  echo \"Activating python virtual environment\" >&2\n  source \"$PYTHON_DIR/bin/activate.csh\"\n\n  # End autogenerated by Flox"
    },
    "options": {
      "systems": [
        "aarch64-darwin",
        "aarch64-linux",
        "x86_64-darwin",
        "x86_64-linux"
      ],
      "allow": {
        "licenses": []
      },
      "semver": {}
    },
    "services": {},
    "build": {}
  },
  "packages": [
    {
      "attr_path": "python3",
      "broken": false,
      "derivation": "/nix/store/qiysv4lcyw7rq0a9g3wx7s6ajy0z837b-python3-3.12.5.drv",
      "description": "High-level dynamically-typed programming language",
      "install_id": "python3",
      "license": "Python-2.0",
      "locked_url": "https://github.com/flox/nixpkgs?rev=12228ff1752d7b7624a54e9c1af4b222b3c1073b",
      "name": "python3-3.12.5",
      "pname": "python3",
      "rev": "12228ff1752d7b7624a54e9c1af4b222b3c1073b",
      "rev_count": 674318,
      "rev_date": "2024-08-31T11:19:22Z",
      "scrape_date": "2024-09-02T05:23:47Z",
      "stabilities": [
        "unstable"
      ],
      "unfree": false,
      "version": "3.12.5",
      "outputs_to_install": [
        "out"
      ],
      "outputs": {
        "out": "/nix/store/75j38g8ii1nqkmpf6sdlj3s5dyah3gas-python3-3.12.5"
      },
      "system": "aarch64-darwin",
      "group": "toplevel",
      "priority": 5
    },
    {
      "attr_path": "python3",
      "broken": false,
      "derivation": "/nix/store/dlvq8jsf3dyrj4bb8560v02qfsffkrvf-python3-3.12.5.drv",
      "description": "High-level dynamically-typed programming language",
      "install_id": "python3",
      "license": "Python-2.0",
      "locked_url": "https://github.com/flox/nixpkgs?rev=12228ff1752d7b7624a54e9c1af4b222b3c1073b",
      "name": "python3-3.12.5",
      "pname": "python3",
      "rev": "12228ff1752d7b7624a54e9c1af4b222b3c1073b",
      "rev_count": 674318,
      "rev_date": "2024-08-31T11:19:22Z",
      "scrape_date": "2024-09-02T05:23:47Z",
      "stabilities": [
        "unstable"
      ],
      "unfree": false,
      "version": "3.12.5",
      "outputs_to_install": [
        "out"
      ],
      "outputs": {
        "debug": "/nix/store/9qvs74485a1v5255w2ps0xf4rxww6w89-python3-3.12.5-debug",
        "out": "/nix/store/ajjwc8k8sk3ksrl3dq4fsg83m1j8n8s3-python3-3.12.5"
      },
      "system": "aarch64-linux",
      "group": "toplevel",
      "priority": 5
    },
    {
      "attr_path": "python3",
      "broken": false,
      "derivation": "/nix/store/0mzypk1b14r7z50y8qys0ipw7lff07mz-python3-3.12.5.drv",
      "description": "High-level dynamically-typed programming language",
      "install_id": "python3",
      "license": "Python-2.0",
      "locked_url": "https://github.com/flox/nixpkgs?rev=12228ff1752d7b7624a54e9c1af4b222b3c1073b",
      "name": "python3-3.12.5",
      "pname": "python3",
      "rev": "12228ff1752d7b7624a54e9c1af4b222b3c1073b",
      "rev_count": 674318,
      "rev_date": "2024-08-31T11:19:22Z",
      "scrape_date": "2024-09-02T05:23:47Z",
      "stabilities": [
        "unstable"
      ],
      "unfree": false,
      "version": "3.12.5",
      "outputs_to_install": [
        "out"
      ],
      "outputs": {
        "out": "/nix/store/rv3rj95fxv57c7qwgl43qa7n0fabdy0a-python3-3.12.5"
      },
      "system": "x86_64-darwin",
      "group": "toplevel",
      "priority": 5
    },
    {
      "attr_path": "python3",
      "broken": false,
      "derivation": "/nix/store/1a2g48faiiz1nyn2r6n6ddac9aacpzqj-python3-3.12.5.drv",
      "description": "High-level dynamically-typed programming language",
      "install_id": "python3",
      "license": "Python-2.0",
      "locked_url": "https://github.com/flox/nixpkgs?rev=12228ff1752d7b7624a54e9c1af4b222b3c1073b",
      "name": "python3-3.12.5",
      "pname": "python3",
      "rev": "12228ff1752d7b7624a54e9c1af4b222b3c1073b",
      "rev_count": 674318,
      "rev_date": "2024-08-31T11:19:22Z",
      "scrape_date": "2024-09-02T05:23:47Z",
      "stabilities": [
        "unstable"
      ],
      "unfree": false,
      "version": "3.12.5",
      "outputs_to_install": [
        "out"
      ],
      "outputs": {
        "debug": "/nix/store/4ws5lqhgsxdpfb924n49ma6ll7i8x0hf-python3-3.12.5-debug",
        "out": "/nix/store/pgb120fb7srbh418v4i2a70aq1w9dawd-python3-3.12.5"
      },
      "system": "x86_64-linux",
      "group": "toplevel",
      "priority": 5
    }
  ]
}