{
  "lockfile-version": 1,
  "manifest": {
    "version": 1,
    "install": {
      "python3": {
        "pkg-path": "python3",
        "version": ">=3.10"
      },
      "uv": {
        "pkg-path": "uv"
      }
    },
    "hook": {
      "on-activate": "  # Autogenerated by Flox\n\n  # Setup a Python virtual environment\n\n  export PYTHON_DIR=\"$FLOX_ENV_CACHE/python\"\n  if [ ! -d \"$PYTHON_DIR\" ]; then\n    echo \"Creating python virtual environment in $PYTHON_DIR\"\n    python -m venv \"$PYTHON_DIR\"\n  fi\n\n  # Quietly activate venv and install packages in a subshell so\n  # that the venv can be freshly activated in the profile section.\n  (\n    source \"$PYTHON_DIR/bin/activate\"\n    # install the dependencies for this project based on pyproject.toml\n    # <https://pip.pypa.io/en/stable/cli/pip_install/>\n    pip install -e . --quiet\n  )\n\n  # End autogenerated by Flox\n"
    },
    "profile": {
      "bash": "  # Autogenerated by Flox\n\n  echo \"Activating python virtual environment\" >&2\n  source \"$PYTHON_DIR/bin/activate\"\n\n  # End autogenerated by Flox\n",
      "zsh": "  # Autogenerated by Flox\n\n  echo \"Activating python virtual environment\" >&2\n  source \"$PYTHON_DIR/bin/activate\"\n\n  # End autogenerated by Flox\n",
      "fish": "  # Autogenerated by Flox\n\n  echo \"Activating python virtual environment\" >&2\n  source \"$PYTHON_DIR/bin/activate.fish\"\n\n  # End autogenerated by Flox\n",
      "tcsh": "  # Autogenerated by Flox\n\n  echo \"Activating python virtual environment\" >&2\n  source \"$PYTHON_DIR/bin/activate.csh\"\n\n  # End autogenerated by Flox\n"
    },
    "options": {
      "systems": [
        "aarch64-darwin",
        "aarch64-linux",
        "x86_64-darwin",
        "x86_64-linux"
      ],
      "allow": {
        "licenses": []
      },
      "semver": {}
    }
  },
  "packages": [
    {
      "attr_path": "python3",
      "broken": false,
      "derivation": "/nix/store/06lyfzhlxlqmj0fi0nms45gf7yv1qvnr-python3-3.12.8.drv",
      "description": "High-level dynamically-typed programming language",
      "install_id": "python3",
      "license": "Python-2.0",
      "locked_url": "https://github.com/flox/nixpkgs?rev=a79cfe0ebd24952b580b1cf08cd906354996d547",
      "name": "python3-3.12.8",
      "pname": "python3",
      "rev": "a79cfe0ebd24952b580b1cf08cd906354996d547",
      "rev_count": 750629,
      "rev_date": "2025-02-08T13:21:17Z",
      "scrape_date": "2025-02-09T05:15:18Z",
      "stabilities": [
        "unstable"
      ],
      "unfree": false,
      "version": "3.12.8",
      "outputs_to_install": [
        "out"
      ],
      "outputs": {
        "out": "/nix/store/d3alkzaq4a0yy8alnn0yamz62aim50qy-python3-3.12.8"
      },
      "system": "aarch64-darwin",
      "group": "toplevel",
      "priority": 5
    },
    {
      "attr_path": "python3",
      "broken": false,
      "derivation": "/nix/store/pdxmsi3l3rp1zv0x9nzjxn11543hjlpz-python3-3.12.8.drv",
      "description": "High-level dynamically-typed programming language",
      "install_id": "python3",
      "license": "Python-2.0",
      "locked_url": "https://github.com/flox/nixpkgs?rev=a79cfe0ebd24952b580b1cf08cd906354996d547",
      "name": "python3-3.12.8",
      "pname": "python3",
      "rev": "a79cfe0ebd24952b580b1cf08cd906354996d547",
      "rev_count": 750629,
      "rev_date": "2025-02-08T13:21:17Z",
      "scrape_date": "2025-02-09T05:15:18Z",
      "stabilities": [
        "unstable"
      ],
      "unfree": false,
      "version": "3.12.8",
      "outputs_to_install": [
        "out"
      ],
      "outputs": {
        "debug": "/nix/store/j8vwwbx0l5kz4w6j32kslj7czjri7276-python3-3.12.8-debug",
        "out": "/nix/store/rfm2viz8cpyahnmraaayhmki7v9767gg-python3-3.12.8"
      },
      "system": "aarch64-linux",
      "group": "toplevel",
      "priority": 5
    },
    {
      "attr_path": "python3",
      "broken": false,
      "derivation": "/nix/store/kqawl89npv486ylzrngb5p2my13qbkkh-python3-3.12.8.drv",
      "description": "High-level dynamically-typed programming language",
      "install_id": "python3",
      "license": "Python-2.0",
      "locked_url": "https://github.com/flox/nixpkgs?rev=a79cfe0ebd24952b580b1cf08cd906354996d547",
      "name": "python3-3.12.8",
      "pname": "python3",
      "rev": "a79cfe0ebd24952b580b1cf08cd906354996d547",
      "rev_count": 750629,
      "rev_date": "2025-02-08T13:21:17Z",
      "scrape_date": "2025-02-09T05:15:18Z",
      "stabilities": [
        "unstable"
      ],
      "unfree": false,
      "version": "3.12.8",
      "outputs_to_install": [
        "out"
      ],
      "outputs": {
        "out": "/nix/store/ppx7233zkb3frbjw3llvsqhp7nxhlssk-python3-3.12.8"
      },
      "system": "x86_64-darwin",
      "group": "toplevel",
      "priority": 5
    },
    {
      "attr_path": "python3",
      "broken": false,
      "derivation": "/nix/store/jqjl1pjb8h7v15ip3am81yj9ff8xw9bh-python3-3.12.8.drv",
      "description": "High-level dynamically-typed programming language",
      "install_id": "python3",
      "license": "Python-2.0",
      "locked_url": "https://github.com/flox/nixpkgs?rev=a79cfe0ebd24952b580b1cf08cd906354996d547",
      "name": "python3-3.12.8",
      "pname": "python3",
      "rev": "a79cfe0ebd24952b580b1cf08cd906354996d547",
      "rev_count": 750629,
      "rev_date": "2025-02-08T13:21:17Z",
      "scrape_date": "2025-02-09T05:15:18Z",
      "stabilities": [
        "unstable"
      ],
      "unfree": false,
      "version": "3.12.8",
      "outputs_to_install": [
        "out"
      ],
      "outputs": {
        "debug": "/nix/store/fxx2zijvbblhwh96awf50jvw5padmdfy-python3-3.12.8-debug",
        "out": "/nix/store/0l539chjmcq5kdd43j6dgdjky4sjl7hl-python3-3.12.8"
      },
      "system": "x86_64-linux",
      "group": "toplevel",
      "priority": 5
    },
    {
      "attr_path": "uv",
      "broken": false,
      "derivation": "/nix/store/zhgm1r27x29lyw2pbpc5qk8k2wscg4bs-uv-0.5.29.drv",
      "description": "Extremely fast Python package installer and resolver, written in Rust",
      "install_id": "uv",
      "license": "[ Apache-2.0, MIT ]",
      "locked_url": "https://github.com/flox/nixpkgs?rev=a79cfe0ebd24952b580b1cf08cd906354996d547",
      "name": "uv-0.5.29",
      "pname": "uv",
      "rev": "a79cfe0ebd24952b580b1cf08cd906354996d547",
      "rev_count": 750629,
      "rev_date": "2025-02-08T13:21:17Z",
      "scrape_date": "2025-02-09T05:15:18Z",
      "stabilities": [
        "unstable"
      ],
      "unfree": false,
      "version": "0.5.29",
      "outputs_to_install": [
        "out"
      ],
      "outputs": {
        "out": "/nix/store/2f9zdf7sxsva89p3fzxry5m9p6ivax05-uv-0.5.29"
      },
      "system": "aarch64-darwin",
      "group": "toplevel",
      "priority": 5
    },
    {
      "attr_path": "uv",
      "broken": false,
      "derivation": "/nix/store/fbmylrfgqphxisr1kb1l6y76910hhhdm-uv-0.5.29.drv",
      "description": "Extremely fast Python package installer and resolver, written in Rust",
      "install_id": "uv",
      "license": "[ Apache-2.0, MIT ]",
      "locked_url": "https://github.com/flox/nixpkgs?rev=a79cfe0ebd24952b580b1cf08cd906354996d547",
      "name": "uv-0.5.29",
      "pname": "uv",
      "rev": "a79cfe0ebd24952b580b1cf08cd906354996d547",
      "rev_count": 750629,
      "rev_date": "2025-02-08T13:21:17Z",
      "scrape_date": "2025-02-09T05:15:18Z",
      "stabilities": [
        "unstable"
      ],
      "unfree": false,
      "version": "0.5.29",
      "outputs_to_install": [
        "out"
      ],
      "outputs": {
        "out": "/nix/store/0imbdi62wdayj9ljk4ihjr83g8jwhsh8-uv-0.5.29"
      },
      "system": "aarch64-linux",
      "group": "toplevel",
      "priority": 5
    },
    {
      "attr_path": "uv",
      "broken": false,
      "derivation": "/nix/store/wn6x6y0wj5wzihmn8fwb2bh0lnh4v6i2-uv-0.5.29.drv",
      "description": "Extremely fast Python package installer and resolver, written in Rust",
      "install_id": "uv",
      "license": "[ Apache-2.0, MIT ]",
      "locked_url": "https://github.com/flox/nixpkgs?rev=a79cfe0ebd24952b580b1cf08cd906354996d547",
      "name": "uv-0.5.29",
      "pname": "uv",
      "rev": "a79cfe0ebd24952b580b1cf08cd906354996d547",
      "rev_count": 750629,
      "rev_date": "2025-02-08T13:21:17Z",
      "scrape_date": "2025-02-09T05:15:18Z",
      "stabilities": [
        "unstable"
      ],
      "unfree": false,
      "version": "0.5.29",
      "outputs_to_install": [
        "out"
      ],
      "outputs": {
        "out": "/nix/store/2cj7x75haqxnn9ixcq6cglj14i4j5w4y-uv-0.5.29"
      },
      "system": "x86_64-darwin",
      "group": "toplevel",
      "priority": 5
    },
    {
      "attr_path": "uv",
      "broken": false,
      "derivation": "/nix/store/67k9kz3iiyjvqcbmz2lpxjc49lj45li2-uv-0.5.29.drv",
      "description": "Extremely fast Python package installer and resolver, written in Rust",
      "install_id": "uv",
      "license": "[ Apache-2.0, MIT ]",
      "locked_url": "https://github.com/flox/nixpkgs?rev=a79cfe0ebd24952b580b1cf08cd906354996d547",
      "name": "uv-0.5.29",
      "pname": "uv",
      "rev": "a79cfe0ebd24952b580b1cf08cd906354996d547",
      "rev_count": 750629,
      "rev_date": "2025-02-08T13:21:17Z",
      "scrape_date": "2025-02-09T05:15:18Z",
      "stabilities": [
        "unstable"
      ],
      "unfree": false,
      "version": "0.5.29",
      "outputs_to_install": [
        "out"
      ],
      "outputs": {
        "out": "/nix/store/sjvnlrxn0145v7kqcx99ys5n27agy5cz-uv-0.5.29"
      },
      "system": "x86_64-linux",
      "group": "toplevel",
      "priority": 5
    }
  ]
}