{
  "lockfile-version": 1,
  "manifest": {
    "version": 1,
    "install": {
      "mise": {
        "pkg-path": "mise"
      },
      "pulumi": {
        "pkg-path": "pulumi"
      },
      "pulumi-language-python": {
        "pkg-path": "pulumiPackages.pulumi-language-python"
      },
      "pulumi-python": {
        "pkg-path": "pulumiPackages.pulumi-python"
      },
      "stack": {
        "pkg-path": "stack"
      },
      "uv": {
        "pkg-path": "uv"
      }
    },
    "hook": {},
    "profile": {},
    "options": {
      "systems": [
        "aarch64-darwin",
        "aarch64-linux",
        "x86_64-darwin",
        "x86_64-linux"
      ],
      "allow": {
        "licenses": []
      },
      "semver": {}
    }
  },
  "packages": [
    {
      "attr_path": "mise",
      "broken": false,
      "derivation": "/nix/store/dxjbhkh608ahxab7mxbad8ri0593gy2a-mise-2025.3.11.drv",
      "description": "Front-end to your dev env",
      "install_id": "mise",
      "license": "MIT",
      "locked_url": "https://github.com/flox/nixpkgs?rev=c8cd81426f45942bb2906d5ed2fe21d2f19d95b7",
      "name": "mise-2025.3.11",
      "pname": "mise",
      "rev": "c8cd81426f45942bb2906d5ed2fe21d2f19d95b7",
      "rev_count": 780821,
      "rev_date": "2025-04-08T07:41:42Z",
      "scrape_date": "2025-04-10T01:10:57.660902Z",
      "stabilities": [
        "unstable"
      ],
      "unfree": false,
      "version": "2025.3.11",
      "outputs_to_install": [
        "out"
      ],
      "outputs": {
        "out": "/nix/store/l1vy24ppp6m6pqhnm9rc75ycbfql6lmb-mise-2025.3.11"
      },
      "system": "aarch64-darwin",
      "group": "toplevel",
      "priority": 5
    },
    {
      "attr_path": "mise",
      "broken": false,
      "derivation": "/nix/store/8r1vms44kbv86wdk9kfw10aki3sadnf1-mise-2025.3.11.drv",
      "description": "Front-end to your dev env",
      "install_id": "mise",
      "license": "MIT",
      "locked_url": "https://github.com/flox/nixpkgs?rev=c8cd81426f45942bb2906d5ed2fe21d2f19d95b7",
      "name": "mise-2025.3.11",
      "pname": "mise",
      "rev": "c8cd81426f45942bb2906d5ed2fe21d2f19d95b7",
      "rev_count": 780821,
      "rev_date": "2025-04-08T07:41:42Z",
      "scrape_date": "2025-04-10T01:27:46.904416Z",
      "stabilities": [
        "unstable"
      ],
      "unfree": false,
      "version": "2025.3.11",
      "outputs_to_install": [
        "out"
      ],
      "outputs": {
        "out": "/nix/store/q409miky39pjwdv0zlcdsgnhwdzgzgjx-mise-2025.3.11"
      },
      "system": "aarch64-linux",
      "group": "toplevel",
      "priority": 5
    },
    {
      "attr_path": "mise",
      "broken": false,
      "derivation": "/nix/store/81l8q1iai31jyawn03xin7idav0cd9c6-mise-2025.3.11.drv",
      "description": "Front-end to your dev env",
      "install_id": "mise",
      "license": "MIT",
      "locked_url": "https://github.com/flox/nixpkgs?rev=c8cd81426f45942bb2906d5ed2fe21d2f19d95b7",
      "name": "mise-2025.3.11",
      "pname": "mise",
      "rev": "c8cd81426f45942bb2906d5ed2fe21d2f19d95b7",
      "rev_count": 780821,
      "rev_date": "2025-04-08T07:41:42Z",
      "scrape_date": "2025-04-10T01:43:06.796396Z",
      "stabilities": [
        "unstable"
      ],
      "unfree": false,
      "version": "2025.3.11",
      "outputs_to_install": [
        "out"
      ],
      "outputs": {
        "out": "/nix/store/fkbj8nw4nqdimvm3zsgcvwvi4pnm97wd-mise-2025.3.11"
      },
      "system": "x86_64-darwin",
      "group": "toplevel",
      "priority": 5
    },
    {
      "attr_path": "mise",
      "broken": false,
      "derivation": "/nix/store/rnzyd3pc4d223nbj9n4clg2x4ljji2w7-mise-2025.3.11.drv",
      "description": "Front-end to your dev env",
      "install_id": "mise",
      "license": "MIT",
      "locked_url": "https://github.com/flox/nixpkgs?rev=c8cd81426f45942bb2906d5ed2fe21d2f19d95b7",
      "name": "mise-2025.3.11",
      "pname": "mise",
      "rev": "c8cd81426f45942bb2906d5ed2fe21d2f19d95b7",
      "rev_count": 780821,
      "rev_date": "2025-04-08T07:41:42Z",
      "scrape_date": "2025-04-10T02:01:27.691760Z",
      "stabilities": [
        "unstable"
      ],
      "unfree": false,
      "version": "2025.3.11",
      "outputs_to_install": [
        "out"
      ],
      "outputs": {
        "out": "/nix/store/li3ay94nvbvqyr4h4p4m5d3aan7nwrva-mise-2025.3.11"
      },
      "system": "x86_64-linux",
      "group": "toplevel",
      "priority": 5
    },
    {
      "attr_path": "pulumi",
      "broken": false,
      "derivation": "/nix/store/hsfmivxcysm6bfa6kn1jwkkibvjcw9ld-pulumi-3.156.0.drv",
      "description": "Pulumi is a cloud development platform that makes creating cloud programs easy and productive",
      "install_id": "pulumi",
      "license": "Apache-2.0",
      "locked_url": "https://github.com/flox/nixpkgs?rev=c8cd81426f45942bb2906d5ed2fe21d2f19d95b7",
      "name": "pulumi-3.156.0",
      "pname": "pulumi",
      "rev": "c8cd81426f45942bb2906d5ed2fe21d2f19d95b7",
      "rev_count": 780821,
      "rev_date": "2025-04-08T07:41:42Z",
      "scrape_date": "2025-04-10T01:11:03.963221Z",
      "stabilities": [
        "unstable"
      ],
      "unfree": false,
      "version": "3.156.0",
      "outputs_to_install": [
        "out"
      ],
      "outputs": {
        "out": "/nix/store/zl514cdixvz7hk86gi69qxdbz5xza88a-pulumi-3.156.0"
      },
      "system": "aarch64-darwin",
      "group": "toplevel",
      "priority": 5
    },
    {
      "attr_path": "pulumi",
      "broken": false,
      "derivation": "/nix/store/0gpsz38ha33qrx03a42agjywahxzpy8y-pulumi-3.156.0.drv",
      "description": "Pulumi is a cloud development platform that makes creating cloud programs easy and productive",
      "install_id": "pulumi",
      "license": "Apache-2.0",
      "locked_url": "https://github.com/flox/nixpkgs?rev=c8cd81426f45942bb2906d5ed2fe21d2f19d95b7",
      "name": "pulumi-3.156.0",
      "pname": "pulumi",
      "rev": "c8cd81426f45942bb2906d5ed2fe21d2f19d95b7",
      "rev_count": 780821,
      "rev_date": "2025-04-08T07:41:42Z",
      "scrape_date": "2025-04-10T01:27:58.867334Z",
      "stabilities": [
        "unstable"
      ],
      "unfree": false,
      "version": "3.156.0",
      "outputs_to_install": [
        "out"
      ],
      "outputs": {
        "out": "/nix/store/ynams86jyxd2r7d0jhkm7jbczgxzyqac-pulumi-3.156.0"
      },
      "system": "aarch64-linux",
      "group": "toplevel",
      "priority": 5
    },
    {
      "attr_path": "pulumi",
      "broken": false,
      "derivation": "/nix/store/ap7spxgiwzrpbjqg4bczbq7bzd70l4f8-pulumi-3.156.0.drv",
      "description": "Pulumi is a cloud development platform that makes creating cloud programs easy and productive",
      "install_id": "pulumi",
      "license": "Apache-2.0",
      "locked_url": "https://github.com/flox/nixpkgs?rev=c8cd81426f45942bb2906d5ed2fe21d2f19d95b7",
      "name": "pulumi-3.156.0",
      "pname": "pulumi",
      "rev": "c8cd81426f45942bb2906d5ed2fe21d2f19d95b7",
      "rev_count": 780821,
      "rev_date": "2025-04-08T07:41:42Z",
      "scrape_date": "2025-04-10T01:43:13.157620Z",
      "stabilities": [
        "unstable"
      ],
      "unfree": false,
      "version": "3.156.0",
      "outputs_to_install": [
        "out"
      ],
      "outputs": {
        "out": "/nix/store/2v7rgn02sn58nsgd5wadxvp5sncyk03r-pulumi-3.156.0"
      },
      "system": "x86_64-darwin",
      "group": "toplevel",
      "priority": 5
    },
    {
      "attr_path": "pulumi",
      "broken": false,
      "derivation": "/nix/store/rpw73qz5mzdklrq2ik27akxh5lk2km9p-pulumi-3.156.0.drv",
      "description": "Pulumi is a cloud development platform that makes creating cloud programs easy and productive",
      "install_id": "pulumi",
      "license": "Apache-2.0",
      "locked_url": "https://github.com/flox/nixpkgs?rev=c8cd81426f45942bb2906d5ed2fe21d2f19d95b7",
      "name": "pulumi-3.156.0",
      "pname": "pulumi",
      "rev": "c8cd81426f45942bb2906d5ed2fe21d2f19d95b7",
      "rev_count": 780821,
      "rev_date": "2025-04-08T07:41:42Z",
      "scrape_date": "2025-04-10T02:01:40.716123Z",
      "stabilities": [
        "unstable"
      ],
      "unfree": false,
      "version": "3.156.0",
      "outputs_to_install": [
        "out"
      ],
      "outputs": {
        "out": "/nix/store/swq5bqjzxcd7iwfyhqyszxlwi16mmf0y-pulumi-3.156.0"
      },
      "system": "x86_64-linux",
      "group": "toplevel",
      "priority": 5
    },
    {
      "attr_path": "pulumiPackages.pulumi-language-python",
      "broken": false,
      "derivation": "/nix/store/56rk3vvk8wx7nfww0r0xm3546zc3f4wg-pulumi-python-3.156.0.drv",
      "description": "Language host for Pulumi programs written in Python",
      "install_id": "pulumi-language-python",
      "license": "Apache-2.0",
      "locked_url": "https://github.com/flox/nixpkgs?rev=c8cd81426f45942bb2906d5ed2fe21d2f19d95b7",
      "name": "pulumi-python-3.156.0",
      "pname": "pulumi-language-python",
      "rev": "c8cd81426f45942bb2906d5ed2fe21d2f19d95b7",
      "rev_count": 780821,
      "rev_date": "2025-04-08T07:41:42Z",
      "scrape_date": "2025-04-10T01:11:03.970604Z",
      "stabilities": [
        "unstable"
      ],
      "unfree": false,
      "version": "3.156.0",
      "outputs_to_install": [
        "out"
      ],
      "outputs": {
        "out": "/nix/store/lhj7hrxrarc3jricwhsbh0lbq7d7kj7w-pulumi-python-3.156.0"
      },
      "system": "aarch64-darwin",
      "group": "toplevel",
      "priority": 5
    },
    {
      "attr_path": "pulumiPackages.pulumi-language-python",
      "broken": false,
      "derivation": "/nix/store/8fz1fjm951jdcm1bdij1b3bybsqql8vh-pulumi-python-3.156.0.drv",
      "description": "Language host for Pulumi programs written in Python",
      "install_id": "pulumi-language-python",
      "license": "Apache-2.0",
      "locked_url": "https://github.com/flox/nixpkgs?rev=c8cd81426f45942bb2906d5ed2fe21d2f19d95b7",
      "name": "pulumi-python-3.156.0",
      "pname": "pulumi-language-python",
      "rev": "c8cd81426f45942bb2906d5ed2fe21d2f19d95b7",
      "rev_count": 780821,
      "rev_date": "2025-04-08T07:41:42Z",
      "scrape_date": "2025-04-10T01:27:58.878743Z",
      "stabilities": [
        "unstable"
      ],
      "unfree": false,
      "version": "3.156.0",
      "outputs_to_install": [
        "out"
      ],
      "outputs": {
        "out": "/nix/store/571fgbhc4qkv42xipf78r736b7nkg8m6-pulumi-python-3.156.0"
      },
      "system": "aarch64-linux",
      "group": "toplevel",
      "priority": 5
    },
    {
      "attr_path": "pulumiPackages.pulumi-language-python",
      "broken": false,
      "derivation": "/nix/store/a9x2v2zh3j5awg4x1sfciwmpjkcf1wv5-pulumi-python-3.156.0.drv",
      "description": "Language host for Pulumi programs written in Python",
      "install_id": "pulumi-language-python",
      "license": "Apache-2.0",
      "locked_url": "https://github.com/flox/nixpkgs?rev=c8cd81426f45942bb2906d5ed2fe21d2f19d95b7",
      "name": "pulumi-python-3.156.0",
      "pname": "pulumi-language-python",
      "rev": "c8cd81426f45942bb2906d5ed2fe21d2f19d95b7",
      "rev_count": 780821,
      "rev_date": "2025-04-08T07:41:42Z",
      "scrape_date": "2025-04-10T01:43:13.165089Z",
      "stabilities": [
        "unstable"
      ],
      "unfree": false,
      "version": "3.156.0",
      "outputs_to_install": [
        "out"
      ],
      "outputs": {
        "out": "/nix/store/ds72iyr177cfda94cfqnxabynrh1lrfl-pulumi-python-3.156.0"
      },
      "system": "x86_64-darwin",
      "group": "toplevel",
      "priority": 5
    },
    {
      "attr_path": "pulumiPackages.pulumi-language-python",
      "broken": false,
      "derivation": "/nix/store/31sib2km9mgjmxciqxz67z0mis2s9dhf-pulumi-python-3.156.0.drv",
      "description": "Language host for Pulumi programs written in Python",
      "install_id": "pulumi-language-python",
      "license": "Apache-2.0",
      "locked_url": "https://github.com/flox/nixpkgs?rev=c8cd81426f45942bb2906d5ed2fe21d2f19d95b7",
      "name": "pulumi-python-3.156.0",
      "pname": "pulumi-language-python",
      "rev": "c8cd81426f45942bb2906d5ed2fe21d2f19d95b7",
      "rev_count": 780821,
      "rev_date": "2025-04-08T07:41:42Z",
      "scrape_date": "2025-04-10T02:01:40.728310Z",
      "stabilities": [
        "unstable"
      ],
      "unfree": false,
      "version": "3.156.0",
      "outputs_to_install": [
        "out"
      ],
      "outputs": {
        "out": "/nix/store/wkxlrbjmpdcwyhiwx9q542yk2kyb0md9-pulumi-python-3.156.0"
      },
      "system": "x86_64-linux",
      "group": "toplevel",
      "priority": 5
    },
    {
      "attr_path": "pulumiPackages.pulumi-python",
      "broken": false,
      "derivation": "/nix/store/56rk3vvk8wx7nfww0r0xm3546zc3f4wg-pulumi-python-3.156.0.drv",
      "description": "Language host for Pulumi programs written in Python",
      "install_id": "pulumi-python",
      "license": "Apache-2.0",
      "locked_url": "https://github.com/flox/nixpkgs?rev=c8cd81426f45942bb2906d5ed2fe21d2f19d95b7",
      "name": "pulumi-python-3.156.0",
      "pname": "pulumi-python",
      "rev": "c8cd81426f45942bb2906d5ed2fe21d2f19d95b7",
      "rev_count": 780821,
      "rev_date": "2025-04-08T07:41:42Z",
      "scrape_date": "2025-04-10T01:11:03.972083Z",
      "stabilities": [
        "unstable"
      ],
      "unfree": false,
      "version": "3.156.0",
      "outputs_to_install": [
        "out"
      ],
      "outputs": {
        "out": "/nix/store/lhj7hrxrarc3jricwhsbh0lbq7d7kj7w-pulumi-python-3.156.0"
      },
      "system": "aarch64-darwin",
      "group": "toplevel",
      "priority": 5
    },
    {
      "attr_path": "pulumiPackages.pulumi-python",
      "broken": false,
      "derivation": "/nix/store/8fz1fjm951jdcm1bdij1b3bybsqql8vh-pulumi-python-3.156.0.drv",
      "description": "Language host for Pulumi programs written in Python",
      "install_id": "pulumi-python",
      "license": "Apache-2.0",
      "locked_url": "https://github.com/flox/nixpkgs?rev=c8cd81426f45942bb2906d5ed2fe21d2f19d95b7",
      "name": "pulumi-python-3.156.0",
      "pname": "pulumi-python",
      "rev": "c8cd81426f45942bb2906d5ed2fe21d2f19d95b7",
      "rev_count": 780821,
      "rev_date": "2025-04-08T07:41:42Z",
      "scrape_date": "2025-04-10T01:27:58.881041Z",
      "stabilities": [
        "unstable"
      ],
      "unfree": false,
      "version": "3.156.0",
      "outputs_to_install": [
        "out"
      ],
      "outputs": {
        "out": "/nix/store/571fgbhc4qkv42xipf78r736b7nkg8m6-pulumi-python-3.156.0"
      },
      "system": "aarch64-linux",
      "group": "toplevel",
      "priority": 5
    },
    {
      "attr_path": "pulumiPackages.pulumi-python",
      "broken": false,
      "derivation": "/nix/store/a9x2v2zh3j5awg4x1sfciwmpjkcf1wv5-pulumi-python-3.156.0.drv",
      "description": "Language host for Pulumi programs written in Python",
      "install_id": "pulumi-python",
      "license": "Apache-2.0",
      "locked_url": "https://github.com/flox/nixpkgs?rev=c8cd81426f45942bb2906d5ed2fe21d2f19d95b7",
      "name": "pulumi-python-3.156.0",
      "pname": "pulumi-python",
      "rev": "c8cd81426f45942bb2906d5ed2fe21d2f19d95b7",
      "rev_count": 780821,
      "rev_date": "2025-04-08T07:41:42Z",
      "scrape_date": "2025-04-10T01:43:13.166583Z",
      "stabilities": [
        "unstable"
      ],
      "unfree": false,
      "version": "3.156.0",
      "outputs_to_install": [
        "out"
      ],
      "outputs": {
        "out": "/nix/store/ds72iyr177cfda94cfqnxabynrh1lrfl-pulumi-python-3.156.0"
      },
      "system": "x86_64-darwin",
      "group": "toplevel",
      "priority": 5
    },
    {
      "attr_path": "pulumiPackages.pulumi-python",
      "broken": false,
      "derivation": "/nix/store/31sib2km9mgjmxciqxz67z0mis2s9dhf-pulumi-python-3.156.0.drv",
      "description": "Language host for Pulumi programs written in Python",
      "install_id": "pulumi-python",
      "license": "Apache-2.0",
      "locked_url": "https://github.com/flox/nixpkgs?rev=c8cd81426f45942bb2906d5ed2fe21d2f19d95b7",
      "name": "pulumi-python-3.156.0",
      "pname": "pulumi-python",
      "rev": "c8cd81426f45942bb2906d5ed2fe21d2f19d95b7",
      "rev_count": 780821,
      "rev_date": "2025-04-08T07:41:42Z",
      "scrape_date": "2025-04-10T02:01:40.730748Z",
      "stabilities": [
        "unstable"
      ],
      "unfree": false,
      "version": "3.156.0",
      "outputs_to_install": [
        "out"
      ],
      "outputs": {
        "out": "/nix/store/wkxlrbjmpdcwyhiwx9q542yk2kyb0md9-pulumi-python-3.156.0"
      },
      "system": "x86_64-linux",
      "group": "toplevel",
      "priority": 5
    },
    {
      "attr_path": "stack",
      "broken": false,
      "derivation": "/nix/store/s218qx46dqlad10ndi1z3n0f473sl51n-stack-3.1.1.drv",
      "description": "The Haskell Tool Stack",
      "install_id": "stack",
      "license": "BSD-3-Clause",
      "locked_url": "https://github.com/flox/nixpkgs?rev=c8cd81426f45942bb2906d5ed2fe21d2f19d95b7",
      "name": "stack-3.1.1",
      "pname": "stack",
      "rev": "c8cd81426f45942bb2906d5ed2fe21d2f19d95b7",
      "rev_count": 780821,
      "rev_date": "2025-04-08T07:41:42Z",
      "scrape_date": "2025-04-10T01:11:34.508407Z",
      "stabilities": [
        "unstable"
      ],
      "unfree": false,
      "version": "3.1.1",
      "outputs_to_install": [
        "out"
      ],
      "outputs": {
        "doc": "/nix/store/i98lscxsvanlm53xcvp6kdljl4950gh2-stack-3.1.1-doc",
        "out": "/nix/store/2jrnbdjzf6mfs97gz0srdjs9gi9fhzlz-stack-3.1.1"
      },
      "system": "aarch64-darwin",
      "group": "toplevel",
      "priority": 5
    },
    {
      "attr_path": "stack",
      "broken": false,
      "derivation": "/nix/store/w3dgp8k36n2qz4733ada5nigmfjl5wkz-stack-3.1.1.drv",
      "description": "The Haskell Tool Stack",
      "install_id": "stack",
      "license": "BSD-3-Clause",
      "locked_url": "https://github.com/flox/nixpkgs?rev=c8cd81426f45942bb2906d5ed2fe21d2f19d95b7",
      "name": "stack-3.1.1",
      "pname": "stack",
      "rev": "c8cd81426f45942bb2906d5ed2fe21d2f19d95b7",
      "rev_count": 780821,
      "rev_date": "2025-04-08T07:41:42Z",
      "scrape_date": "2025-04-10T01:28:43.273475Z",
      "stabilities": [
        "unstable"
      ],
      "unfree": false,
      "version": "3.1.1",
      "outputs_to_install": [
        "out"
      ],
      "outputs": {
        "out": "/nix/store/gwjl4p1y9i6n4y44rlgj7aj4nm6rkn1n-stack-3.1.1"
      },
      "system": "aarch64-linux",
      "group": "toplevel",
      "priority": 5
    },
    {
      "attr_path": "stack",
      "broken": false,
      "derivation": "/nix/store/hda5qxzgbpl64mclgfnkswabhy1r4p49-stack-3.1.1.drv",
      "description": "The Haskell Tool Stack",
      "install_id": "stack",
      "license": "BSD-3-Clause",
      "locked_url": "https://github.com/flox/nixpkgs?rev=c8cd81426f45942bb2906d5ed2fe21d2f19d95b7",
      "name": "stack-3.1.1",
      "pname": "stack",
      "rev": "c8cd81426f45942bb2906d5ed2fe21d2f19d95b7",
      "rev_count": 780821,
      "rev_date": "2025-04-08T07:41:42Z",
      "scrape_date": "2025-04-10T01:43:43.747150Z",
      "stabilities": [
        "unstable"
      ],
      "unfree": false,
      "version": "3.1.1",
      "outputs_to_install": [
        "out"
      ],
      "outputs": {
        "out": "/nix/store/ayf2750j4f497ycmg39bxcr8gai1q4r5-stack-3.1.1"
      },
      "system": "x86_64-darwin",
      "group": "toplevel",
      "priority": 5
    },
    {
      "attr_path": "stack",
      "broken": false,
      "derivation": "/nix/store/c1jfy3nzzwcg7j25khf99mk5wfg6zwjf-stack-3.1.1.drv",
      "description": "The Haskell Tool Stack",
      "install_id": "stack",
      "license": "BSD-3-Clause",
      "locked_url": "https://github.com/flox/nixpkgs?rev=c8cd81426f45942bb2906d5ed2fe21d2f19d95b7",
      "name": "stack-3.1.1",
      "pname": "stack",
      "rev": "c8cd81426f45942bb2906d5ed2fe21d2f19d95b7",
      "rev_count": 780821,
      "rev_date": "2025-04-08T07:41:42Z",
      "scrape_date": "2025-04-10T02:02:27.830908Z",
      "stabilities": [
        "unstable"
      ],
      "unfree": false,
      "version": "3.1.1",
      "outputs_to_install": [
        "out"
      ],
      "outputs": {
        "out": "/nix/store/dlzfc2i4pv20zaq3cjwfap40s54a6xmy-stack-3.1.1"
      },
      "system": "x86_64-linux",
      "group": "toplevel",
      "priority": 5
    },
    {
      "attr_path": "uv",
      "broken": false,
      "derivation": "/nix/store/5l4rlnyn4g3l8fykbif3c3ghkgbpzari-uv-0.6.12.drv",
      "description": "Extremely fast Python package installer and resolver, written in Rust",
      "install_id": "uv",
      "license": "[ Apache-2.0, MIT ]",
      "locked_url": "https://github.com/flox/nixpkgs?rev=c8cd81426f45942bb2906d5ed2fe21d2f19d95b7",
      "name": "uv-0.6.12",
      "pname": "uv",
      "rev": "c8cd81426f45942bb2906d5ed2fe21d2f19d95b7",
      "rev_count": 780821,
      "rev_date": "2025-04-08T07:41:42Z",
      "scrape_date": "2025-04-10T01:11:44.987063Z",
      "stabilities": [
        "unstable"
      ],
      "unfree": false,
      "version": "0.6.12",
      "outputs_to_install": [
        "out"
      ],
      "outputs": {
        "out": "/nix/store/v6x22x2jd2m44g4sixpai9r19afacap2-uv-0.6.12"
      },
      "system": "aarch64-darwin",
      "group": "toplevel",
      "priority": 5
    },
    {
      "attr_path": "uv",
      "broken": false,
      "derivation": "/nix/store/jdzi9q9hbwgqsjkmgsra38ja4x5q5amw-uv-0.6.12.drv",
      "description": "Extremely fast Python package installer and resolver, written in Rust",
      "install_id": "uv",
      "license": "[ Apache-2.0, MIT ]",
      "locked_url": "https://github.com/flox/nixpkgs?rev=c8cd81426f45942bb2906d5ed2fe21d2f19d95b7",
      "name": "uv-0.6.12",
      "pname": "uv",
      "rev": "c8cd81426f45942bb2906d5ed2fe21d2f19d95b7",
      "rev_count": 780821,
      "rev_date": "2025-04-08T07:41:42Z",
      "scrape_date": "2025-04-10T01:28:57.932781Z",
      "stabilities": [
        "unstable"
      ],
      "unfree": false,
      "version": "0.6.12",
      "outputs_to_install": [
        "out"
      ],
      "outputs": {
        "out": "/nix/store/dxc41c6kplaxgshwjjq0g0bmgb15zmq8-uv-0.6.12"
      },
      "system": "aarch64-linux",
      "group": "toplevel",
      "priority": 5
    },
    {
      "attr_path": "uv",
      "broken": false,
      "derivation": "/nix/store/sjqky3xgid3kvl57i8lavx9d3z252wxx-uv-0.6.12.drv",
      "description": "Extremely fast Python package installer and resolver, written in Rust",
      "install_id": "uv",
      "license": "[ Apache-2.0, MIT ]",
      "locked_url": "https://github.com/flox/nixpkgs?rev=c8cd81426f45942bb2906d5ed2fe21d2f19d95b7",
      "name": "uv-0.6.12",
      "pname": "uv",
      "rev": "c8cd81426f45942bb2906d5ed2fe21d2f19d95b7",
      "rev_count": 780821,
      "rev_date": "2025-04-08T07:41:42Z",
      "scrape_date": "2025-04-10T01:43:54.280618Z",
      "stabilities": [
        "unstable"
      ],
      "unfree": false,
      "version": "0.6.12",
      "outputs_to_install": [
        "out"
      ],
      "outputs": {
        "out": "/nix/store/ygmsasxljbrh76gsgpvkn2vcq3yxp8yq-uv-0.6.12"
      },
      "system": "x86_64-darwin",
      "group": "toplevel",
      "priority": 5
    },
    {
      "attr_path": "uv",
      "broken": false,
      "derivation": "/nix/store/qbby6s0jxhgrmyjmm8wh8anzgxg3fn3j-uv-0.6.12.drv",
      "description": "Extremely fast Python package installer and resolver, written in Rust",
      "install_id": "uv",
      "license": "[ Apache-2.0, MIT ]",
      "locked_url": "https://github.com/flox/nixpkgs?rev=c8cd81426f45942bb2906d5ed2fe21d2f19d95b7",
      "name": "uv-0.6.12",
      "pname": "uv",
      "rev": "c8cd81426f45942bb2906d5ed2fe21d2f19d95b7",
      "rev_count": 780821,
      "rev_date": "2025-04-08T07:41:42Z",
      "scrape_date": "2025-04-10T02:02:43.334041Z",
      "stabilities": [
        "unstable"
      ],
      "unfree": false,
      "version": "0.6.12",
      "outputs_to_install": [
        "out"
      ],
      "outputs": {
        "out": "/nix/store/6grrzagqydsbz7kxwdwsw98a6bcrp67k-uv-0.6.12"
      },
      "system": "x86_64-linux",
      "group": "toplevel",
      "priority": 5
    }
  ]
}