{"version":4,"terraform_version":"1.8.0","serial":6,"lineage":"046dd802-a3c4-90c6-04c3-5454b9bc971f","outputs":{},"resources":[{"mode":"managed","type":"aws_s3_bucket","name":"pocketsizefund-unique-bucket-name","provider":"provider[\"registry.opentofu.org/hashicorp/aws\"]","instances":[{"schema_version":0,"attributes":{"acceleration_status":"","acl":"private","arn":"arn:aws:s3:::pocketsizefund-unique-bucket-name","bucket":"pocketsizefund-unique-bucket-name","bucket_domain_name":"pocketsizefund-unique-bucket-name.s3.amazonaws.com","bucket_prefix":"","bucket_regional_domain_name":"pocketsizefund-unique-bucket-name.s3.us-east-1.amazonaws.com","cors_rule":[],"force_destroy":true,"grant":[{"id":"9dfd181ce486ef56cb7db284539fd9b3241c6178b4d7f23e5fba877037994f3b","permissions":["FULL_CONTROL"],"type":"CanonicalUser","uri":""}],"hosted_zone_id":"Z3AQBSTGFYJSTF","id":"pocketsizefund-unique-bucket-name","lifecycle_rule":[],"logging":[],"object_lock_configuration":[],"object_lock_enabled":false,"policy":"","region":"us-east-1","replication_configuration":[],"request_payer":"BucketOwner","server_side_encryption_configuration":[{"rule":[{"apply_server_side_encryption_by_default":[{"kms_master_key_id":"","sse_algorithm":"AES256"}],"bucket_key_enabled":false}]}],"tags":{"environment":"live"},"tags_all":{"environment":"live"},"timeouts":null,"versioning":[{"enabled":false,"mfa_delete":false}],"website":[],"website_domain":null,"website_endpoint":null},"sensitive_attributes":[],"private":"eyJlMmJmYjczMC1lY2FhLTExZTYtOGY4OC0zNDM2M2JjN2M0YzAiOnsiY3JlYXRlIjoxMjAwMDAwMDAwMDAwLCJkZWxldGUiOjM2MDAwMDAwMDAwMDAsInJlYWQiOjEyMDAwMDAwMDAwMDAsInVwZGF0ZSI6MTIwMDAwMDAwMDAwMH19"}]}],"check_results":null}
